
Microsoft Visual Studio Solution File, Format Version 12.00
# Visual Studio Version 17
VisualStudioVersion = 17.0.31919.166
MinimumVisualStudioVersion = 10.0.40219.1
Project("{2150E333-8FDC-42A3-9474-1A3956D46DE8}") = "EJEMPLO_PROYECTO_+_UNIT_TEST", "EJEMPLO_PROYECTO_+_UNIT_TEST", "{0BDC11DE-C5AA-43C7-8F04-FB4A4740E45D}"
	ProjectSection(SolutionItems) = preProject
		EJEMPLO_PROYECTO_+_UNIT_TEST\información_importante.txt = EJEMPLO_PROYECTO_+_UNIT_TEST\información_importante.txt
	EndProjectSection
EndProject
Project("{8BC9CEB8-8B4A-11D0-8D11-00A0C91BC942}") = "DEMO_DEBUG", "EJEMPLO_PROYECTO_+_UNIT_TEST\DEMO_DEBUG\DEMO_DEBUG.vcxproj", "{C04B4484-ADF6-4826-BC6A-8D5B765745C9}"
EndProject
Project("{8BC9CEB8-8B4A-11D0-8D11-00A0C91BC942}") = "UNIT_PROYECTO", "EJEMPLO_PROYECTO_+_UNIT_TEST\UNIT_PROYECTO\UNIT_PROYECTO.vcxproj", "{B3E6B684-7452-49E9-9E6D-88589E41FF2E}"
EndProject
Project("{2150E333-8FDC-42A3-9474-1A3956D46DE8}") = "EJEMPLOS_GENERALES", "EJEMPLOS_GENERALES", "{D3A286A6-1B21-4F09-8A13-9BD7BCED735A}"
	ProjectSection(SolutionItems) = preProject
		EJEMPLOS\ejemplo_numeros.c = EJEMPLOS\ejemplo_numeros.c
		EJEMPLOS\ejemplo_strings.c = EJEMPLOS\ejemplo_strings.c
		EJEMPLOS\memoria_dinamica.cpp = EJEMPLOS\memoria_dinamica.cpp
		EJEMPLOS\punteros.cpp = EJEMPLOS\punteros.cpp
	EndProjectSection
EndProject
Project("{2150E333-8FDC-42A3-9474-1A3956D46DE8}") = "PARCIAL_2021_RESUELTO", "PARCIAL_2021_RESUELTO", "{D014E14F-2E66-476F-95A5-E0FC6698B048}"
	ProjectSection(SolutionItems) = preProject
		PARCIAL_2021_RESUELTO\bato.txt = PARCIAL_2021_RESUELTO\bato.txt
		PARCIAL_2021_RESUELTO\bato2.txt = PARCIAL_2021_RESUELTO\bato2.txt
	EndProjectSection
EndProject
Project("{8BC9CEB8-8B4A-11D0-8D11-00A0C91BC942}") = "Ejercicio_Uno_A", "PARCIAL_2021_RESUELTO\Ejercicio_Uno_A\Ejercicio_Uno_A.vcxproj", "{8F13613F-738F-4EA9-93B2-3DCA2E31482B}"
EndProject
Project("{8BC9CEB8-8B4A-11D0-8D11-00A0C91BC942}") = "Ejercicio_Uno_B", "PARCIAL_2021_RESUELTO\Ejercicio_Uno_B\Ejercicio_Uno_B.vcxproj", "{E2BE829B-A0F3-4D55-A387-AD70F665A2E2}"
EndProject
Project("{8BC9CEB8-8B4A-11D0-8D11-00A0C91BC942}") = "Ejercicio_Uno_B_ReadBin", "PARCIAL_2021_RESUELTO\Ejercicio_Uno_B_ReadBin\Ejercicio_Uno_B_ReadBin.vcxproj", "{16070511-B79F-468C-BC99-B5D5D36A9283}"
EndProject
Project("{8BC9CEB8-8B4A-11D0-8D11-00A0C91BC942}") = "Ejercicio_Dos", "PARCIAL_2021_RESUELTO\Ejercicio_Dos\Ejercicio_Dos.vcxproj", "{14A05135-EA2E-4963-8C05-900F3F1606FF}"
EndProject
Project("{2150E333-8FDC-42A3-9474-1A3956D46DE8}") = "CLASE_REPASO_2021_10_15", "CLASE_REPASO_2021_10_15", "{469A6B5A-5224-481B-ADB9-8E3FC747CD25}"
EndProject
Project("{8BC9CEB8-8B4A-11D0-8D11-00A0C91BC942}") = "Clase 2021-10-15", "CLASE_REPASO_2021_10_15\CLASE_REPASO_2021_10_15\Clase 2021-10-15.vcxproj", "{9EA396F7-B964-4708-A6CF-2EEC7E21335B}"
EndProject
Project("{8BC9CEB8-8B4A-11D0-8D11-00A0C91BC942}") = "Archivos", "CLASE_REPASO_2021_10_15\REPASO_Archivos\Archivos.vcxproj", "{E2DCB694-6DB4-4658-9192-7FCCAB1DA9BD}"
EndProject
Project("{8BC9CEB8-8B4A-11D0-8D11-00A0C91BC942}") = "MemoriaDinamica", "CLASE_REPASO_2021_10_15\REPASO_MemoriaDinamica\MemoriaDinamica.vcxproj", "{7E805E6C-1A7E-41B5-9235-4E756E6A873C}"
EndProject
Project("{2150E333-8FDC-42A3-9474-1A3956D46DE8}") = "GUIAS", "GUIAS", "{229FE120-C165-4BEA-8E62-0F67948D7C84}"
EndProject
Project("{2150E333-8FDC-42A3-9474-1A3956D46DE8}") = "GUIA 1", "GUIA 1", "{31C492C8-99D2-45B7-8003-90C05A3FC104}"
EndProject
Project("{8BC9CEB8-8B4A-11D0-8D11-00A0C91BC942}") = "IRI_18", "GUIAS\GUIA_1\GUIA_1_18\IRI_18.vcxproj", "{F8036FA0-A92A-4228-8031-8B9E0E68C217}"
EndProject
Project("{2150E333-8FDC-42A3-9474-1A3956D46DE8}") = "REPASO_2021_11_26", "REPASO_2021_11_26", "{C0E118C2-C579-4AE9-9A32-0D5C677B0760}"
EndProject
Project("{8BC9CEB8-8B4A-11D0-8D11-00A0C91BC942}") = "Penco", "REPASO_2021_11_26\Penco.vcxproj", "{D4AAAD92-661D-46BA-A774-CA14B6E00004}"
EndProject
Global
	GlobalSection(SolutionConfigurationPlatforms) = preSolution
		Debug|x64 = Debug|x64
		Debug|x86 = Debug|x86
		Release|x64 = Release|x64
		Release|x86 = Release|x86
	EndGlobalSection
	GlobalSection(ProjectConfigurationPlatforms) = postSolution
		{C04B4484-ADF6-4826-BC6A-8D5B765745C9}.Debug|x64.ActiveCfg = Debug|x64
		{C04B4484-ADF6-4826-BC6A-8D5B765745C9}.Debug|x64.Build.0 = Debug|x64
		{C04B4484-ADF6-4826-BC6A-8D5B765745C9}.Debug|x86.ActiveCfg = Debug|Win32
		{C04B4484-ADF6-4826-BC6A-8D5B765745C9}.Debug|x86.Build.0 = Debug|Win32
		{C04B4484-ADF6-4826-BC6A-8D5B765745C9}.Release|x64.ActiveCfg = Release|x64
		{C04B4484-ADF6-4826-BC6A-8D5B765745C9}.Release|x64.Build.0 = Release|x64
		{C04B4484-ADF6-4826-BC6A-8D5B765745C9}.Release|x86.ActiveCfg = Release|Win32
		{C04B4484-ADF6-4826-BC6A-8D5B765745C9}.Release|x86.Build.0 = Release|Win32
		{B3E6B684-7452-49E9-9E6D-88589E41FF2E}.Debug|x64.ActiveCfg = Debug|x64
		{B3E6B684-7452-49E9-9E6D-88589E41FF2E}.Debug|x64.Build.0 = Debug|x64
		{B3E6B684-7452-49E9-9E6D-88589E41FF2E}.Debug|x86.ActiveCfg = Debug|Win32
		{B3E6B684-7452-49E9-9E6D-88589E41FF2E}.Debug|x86.Build.0 = Debug|Win32
		{B3E6B684-7452-49E9-9E6D-88589E41FF2E}.Release|x64.ActiveCfg = Release|x64
		{B3E6B684-7452-49E9-9E6D-88589E41FF2E}.Release|x64.Build.0 = Release|x64
		{B3E6B684-7452-49E9-9E6D-88589E41FF2E}.Release|x86.ActiveCfg = Release|Win32
		{B3E6B684-7452-49E9-9E6D-88589E41FF2E}.Release|x86.Build.0 = Release|Win32
		{8F13613F-738F-4EA9-93B2-3DCA2E31482B}.Debug|x64.ActiveCfg = Debug|x64
		{8F13613F-738F-4EA9-93B2-3DCA2E31482B}.Debug|x64.Build.0 = Debug|x64
		{8F13613F-738F-4EA9-93B2-3DCA2E31482B}.Debug|x86.ActiveCfg = Debug|Win32
		{8F13613F-738F-4EA9-93B2-3DCA2E31482B}.Debug|x86.Build.0 = Debug|Win32
		{8F13613F-738F-4EA9-93B2-3DCA2E31482B}.Release|x64.ActiveCfg = Release|x64
		{8F13613F-738F-4EA9-93B2-3DCA2E31482B}.Release|x64.Build.0 = Release|x64
		{8F13613F-738F-4EA9-93B2-3DCA2E31482B}.Release|x86.ActiveCfg = Release|Win32
		{8F13613F-738F-4EA9-93B2-3DCA2E31482B}.Release|x86.Build.0 = Release|Win32
		{E2BE829B-A0F3-4D55-A387-AD70F665A2E2}.Debug|x64.ActiveCfg = Debug|x64
		{E2BE829B-A0F3-4D55-A387-AD70F665A2E2}.Debug|x64.Build.0 = Debug|x64
		{E2BE829B-A0F3-4D55-A387-AD70F665A2E2}.Debug|x86.ActiveCfg = Debug|Win32
		{E2BE829B-A0F3-4D55-A387-AD70F665A2E2}.Debug|x86.Build.0 = Debug|Win32
		{E2BE829B-A0F3-4D55-A387-AD70F665A2E2}.Release|x64.ActiveCfg = Release|x64
		{E2BE829B-A0F3-4D55-A387-AD70F665A2E2}.Release|x64.Build.0 = Release|x64
		{E2BE829B-A0F3-4D55-A387-AD70F665A2E2}.Release|x86.ActiveCfg = Release|Win32
		{E2BE829B-A0F3-4D55-A387-AD70F665A2E2}.Release|x86.Build.0 = Release|Win32
		{16070511-B79F-468C-BC99-B5D5D36A9283}.Debug|x64.ActiveCfg = Debug|x64
		{16070511-B79F-468C-BC99-B5D5D36A9283}.Debug|x64.Build.0 = Debug|x64
		{16070511-B79F-468C-BC99-B5D5D36A9283}.Debug|x86.ActiveCfg = Debug|Win32
		{16070511-B79F-468C-BC99-B5D5D36A9283}.Debug|x86.Build.0 = Debug|Win32
		{16070511-B79F-468C-BC99-B5D5D36A9283}.Release|x64.ActiveCfg = Release|x64
		{16070511-B79F-468C-BC99-B5D5D36A9283}.Release|x64.Build.0 = Release|x64
		{16070511-B79F-468C-BC99-B5D5D36A9283}.Release|x86.ActiveCfg = Release|Win32
		{16070511-B79F-468C-BC99-B5D5D36A9283}.Release|x86.Build.0 = Release|Win32
		{14A05135-EA2E-4963-8C05-900F3F1606FF}.Debug|x64.ActiveCfg = Debug|x64
		{14A05135-EA2E-4963-8C05-900F3F1606FF}.Debug|x64.Build.0 = Debug|x64
		{14A05135-EA2E-4963-8C05-900F3F1606FF}.Debug|x86.ActiveCfg = Debug|Win32
		{14A05135-EA2E-4963-8C05-900F3F1606FF}.Debug|x86.Build.0 = Debug|Win32
		{14A05135-EA2E-4963-8C05-900F3F1606FF}.Release|x64.ActiveCfg = Release|x64
		{14A05135-EA2E-4963-8C05-900F3F1606FF}.Release|x64.Build.0 = Release|x64
		{14A05135-EA2E-4963-8C05-900F3F1606FF}.Release|x86.ActiveCfg = Release|Win32
		{14A05135-EA2E-4963-8C05-900F3F1606FF}.Release|x86.Build.0 = Release|Win32
		{9EA396F7-B964-4708-A6CF-2EEC7E21335B}.Debug|x64.ActiveCfg = Debug|x64
		{9EA396F7-B964-4708-A6CF-2EEC7E21335B}.Debug|x64.Build.0 = Debug|x64
		{9EA396F7-B964-4708-A6CF-2EEC7E21335B}.Debug|x86.ActiveCfg = Debug|Win32
		{9EA396F7-B964-4708-A6CF-2EEC7E21335B}.Debug|x86.Build.0 = Debug|Win32
		{9EA396F7-B964-4708-A6CF-2EEC7E21335B}.Release|x64.ActiveCfg = Release|x64
		{9EA396F7-B964-4708-A6CF-2EEC7E21335B}.Release|x64.Build.0 = Release|x64
		{9EA396F7-B964-4708-A6CF-2EEC7E21335B}.Release|x86.ActiveCfg = Release|Win32
		{9EA396F7-B964-4708-A6CF-2EEC7E21335B}.Release|x86.Build.0 = Release|Win32
		{E2DCB694-6DB4-4658-9192-7FCCAB1DA9BD}.Debug|x64.ActiveCfg = Debug|x64
		{E2DCB694-6DB4-4658-9192-7FCCAB1DA9BD}.Debug|x64.Build.0 = Debug|x64
		{E2DCB694-6DB4-4658-9192-7FCCAB1DA9BD}.Debug|x86.ActiveCfg = Debug|Win32
		{E2DCB694-6DB4-4658-9192-7FCCAB1DA9BD}.Debug|x86.Build.0 = Debug|Win32
		{E2DCB694-6DB4-4658-9192-7FCCAB1DA9BD}.Release|x64.ActiveCfg = Release|x64
		{E2DCB694-6DB4-4658-9192-7FCCAB1DA9BD}.Release|x64.Build.0 = Release|x64
		{E2DCB694-6DB4-4658-9192-7FCCAB1DA9BD}.Release|x86.ActiveCfg = Release|Win32
		{E2DCB694-6DB4-4658-9192-7FCCAB1DA9BD}.Release|x86.Build.0 = Release|Win32
		{7E805E6C-1A7E-41B5-9235-4E756E6A873C}.Debug|x64.ActiveCfg = Debug|x64
		{7E805E6C-1A7E-41B5-9235-4E756E6A873C}.Debug|x64.Build.0 = Debug|x64
		{7E805E6C-1A7E-41B5-9235-4E756E6A873C}.Debug|x86.ActiveCfg = Debug|Win32
		{7E805E6C-1A7E-41B5-9235-4E756E6A873C}.Debug|x86.Build.0 = Debug|Win32
		{7E805E6C-1A7E-41B5-9235-4E756E6A873C}.Release|x64.ActiveCfg = Release|x64
		{7E805E6C-1A7E-41B5-9235-4E756E6A873C}.Release|x64.Build.0 = Release|x64
		{7E805E6C-1A7E-41B5-9235-4E756E6A873C}.Release|x86.ActiveCfg = Release|Win32
		{7E805E6C-1A7E-41B5-9235-4E756E6A873C}.Release|x86.Build.0 = Release|Win32
		{F8036FA0-A92A-4228-8031-8B9E0E68C217}.Debug|x64.ActiveCfg = Debug|x64
		{F8036FA0-A92A-4228-8031-8B9E0E68C217}.Debug|x64.Build.0 = Debug|x64
		{F8036FA0-A92A-4228-8031-8B9E0E68C217}.Debug|x86.ActiveCfg = Debug|Win32
		{F8036FA0-A92A-4228-8031-8B9E0E68C217}.Debug|x86.Build.0 = Debug|Win32
		{F8036FA0-A92A-4228-8031-8B9E0E68C217}.Release|x64.ActiveCfg = Release|x64
		{F8036FA0-A92A-4228-8031-8B9E0E68C217}.Release|x64.Build.0 = Release|x64
		{F8036FA0-A92A-4228-8031-8B9E0E68C217}.Release|x86.ActiveCfg = Release|Win32
		{F8036FA0-A92A-4228-8031-8B9E0E68C217}.Release|x86.Build.0 = Release|Win32
		{D4AAAD92-661D-46BA-A774-CA14B6E00004}.Debug|x64.ActiveCfg = Debug|x64
		{D4AAAD92-661D-46BA-A774-CA14B6E00004}.Debug|x64.Build.0 = Debug|x64
		{D4AAAD92-661D-46BA-A774-CA14B6E00004}.Debug|x86.ActiveCfg = Debug|Win32
		{D4AAAD92-661D-46BA-A774-CA14B6E00004}.Debug|x86.Build.0 = Debug|Win32
		{D4AAAD92-661D-46BA-A774-CA14B6E00004}.Release|x64.ActiveCfg = Release|x64
		{D4AAAD92-661D-46BA-A774-CA14B6E00004}.Release|x64.Build.0 = Release|x64
		{D4AAAD92-661D-46BA-A774-CA14B6E00004}.Release|x86.ActiveCfg = Release|Win32
		{D4AAAD92-661D-46BA-A774-CA14B6E00004}.Release|x86.Build.0 = Release|Win32
	EndGlobalSection
	GlobalSection(SolutionProperties) = preSolution
		HideSolutionNode = FALSE
	EndGlobalSection
	GlobalSection(NestedProjects) = preSolution
		{C04B4484-ADF6-4826-BC6A-8D5B765745C9} = {0BDC11DE-C5AA-43C7-8F04-FB4A4740E45D}
		{B3E6B684-7452-49E9-9E6D-88589E41FF2E} = {0BDC11DE-C5AA-43C7-8F04-FB4A4740E45D}
		{8F13613F-738F-4EA9-93B2-3DCA2E31482B} = {D014E14F-2E66-476F-95A5-E0FC6698B048}
		{E2BE829B-A0F3-4D55-A387-AD70F665A2E2} = {D014E14F-2E66-476F-95A5-E0FC6698B048}
		{16070511-B79F-468C-BC99-B5D5D36A9283} = {D014E14F-2E66-476F-95A5-E0FC6698B048}
		{14A05135-EA2E-4963-8C05-900F3F1606FF} = {D014E14F-2E66-476F-95A5-E0FC6698B048}
		{9EA396F7-B964-4708-A6CF-2EEC7E21335B} = {469A6B5A-5224-481B-ADB9-8E3FC747CD25}
		{E2DCB694-6DB4-4658-9192-7FCCAB1DA9BD} = {469A6B5A-5224-481B-ADB9-8E3FC747CD25}
		{7E805E6C-1A7E-41B5-9235-4E756E6A873C} = {469A6B5A-5224-481B-ADB9-8E3FC747CD25}
		{31C492C8-99D2-45B7-8003-90C05A3FC104} = {229FE120-C165-4BEA-8E62-0F67948D7C84}
		{F8036FA0-A92A-4228-8031-8B9E0E68C217} = {31C492C8-99D2-45B7-8003-90C05A3FC104}
		{D4AAAD92-661D-46BA-A774-CA14B6E00004} = {C0E118C2-C579-4AE9-9A32-0D5C677B0760}
	EndGlobalSection
	GlobalSection(ExtensibilityGlobals) = postSolution
		SolutionGuid = {6A14D2BA-DF88-4DE2-B17F-CE14396E8FD2}
	EndGlobalSection
EndGlobal
