
Microsoft Visual Studio Solution File, Format Version 12.00
# Visual Studio Version 17
VisualStudioVersion = 17.0.31903.59
MinimumVisualStudioVersion = 10.0.40219.1
Project("{8BC9CEB8-8B4A-11D0-8D11-00A0C91BC942}") = "DEMO_DEBUG", "DEMO_DEBUG\DEMO_DEBUG.vcxproj", "{C04B4484-ADF6-4826-BC6A-8D5B765745C9}"
EndProject
Project("{8BC9CEB8-8B4A-11D0-8D11-00A0C91BC942}") = "UNIT_PROYECTO", "UNIT_PROYECTO\UNIT_PROYECTO.vcxproj", "{B3E6B684-7452-49E9-9E6D-88589E41FF2E}"
EndProject
Project("{2150E333-8FDC-42A3-9474-1A3956D46DE8}") = "Solution Items", "Solution Items", "{9C52ABF2-7D0B-4C30-A43A-708F9F3BB059}"
	ProjectSection(SolutionItems) = preProject
		información.txt = información.txt
	EndProjectSection
EndProject
Global
	GlobalSection(SolutionConfigurationPlatforms) = preSolution
		Debug|x64 = Debug|x64
		Debug|x86 = Debug|x86
		Release|x64 = Release|x64
		Release|x86 = Release|x86
	EndGlobalSection
	GlobalSection(ProjectConfigurationPlatforms) = postSolution
		{C04B4484-ADF6-4826-BC6A-8D5B765745C9}.Debug|x64.ActiveCfg = Debug|x64
		{C04B4484-ADF6-4826-BC6A-8D5B765745C9}.Debug|x64.Build.0 = Debug|x64
		{C04B4484-ADF6-4826-BC6A-8D5B765745C9}.Debug|x86.ActiveCfg = Debug|Win32
		{C04B4484-ADF6-4826-BC6A-8D5B765745C9}.Debug|x86.Build.0 = Debug|Win32
		{C04B4484-ADF6-4826-BC6A-8D5B765745C9}.Release|x64.ActiveCfg = Release|x64
		{C04B4484-ADF6-4826-BC6A-8D5B765745C9}.Release|x64.Build.0 = Release|x64
		{C04B4484-ADF6-4826-BC6A-8D5B765745C9}.Release|x86.ActiveCfg = Release|Win32
		{C04B4484-ADF6-4826-BC6A-8D5B765745C9}.Release|x86.Build.0 = Release|Win32
		{B3E6B684-7452-49E9-9E6D-88589E41FF2E}.Debug|x64.ActiveCfg = Debug|x64
		{B3E6B684-7452-49E9-9E6D-88589E41FF2E}.Debug|x64.Build.0 = Debug|x64
		{B3E6B684-7452-49E9-9E6D-88589E41FF2E}.Debug|x86.ActiveCfg = Debug|Win32
		{B3E6B684-7452-49E9-9E6D-88589E41FF2E}.Debug|x86.Build.0 = Debug|Win32
		{B3E6B684-7452-49E9-9E6D-88589E41FF2E}.Release|x64.ActiveCfg = Release|x64
		{B3E6B684-7452-49E9-9E6D-88589E41FF2E}.Release|x64.Build.0 = Release|x64
		{B3E6B684-7452-49E9-9E6D-88589E41FF2E}.Release|x86.ActiveCfg = Release|Win32
		{B3E6B684-7452-49E9-9E6D-88589E41FF2E}.Release|x86.Build.0 = Release|Win32
	EndGlobalSection
	GlobalSection(SolutionProperties) = preSolution
		HideSolutionNode = FALSE
	EndGlobalSection
	GlobalSection(ExtensibilityGlobals) = postSolution
		SolutionGuid = {4F5C9E5C-3C4C-4235-A945-6DC088C55D2B}
	EndGlobalSection
EndGlobal
