
Microsoft Visual Studio Solution File, Format Version 12.00
# Visual Studio Version 17
VisualStudioVersion = 17.0.31903.59
MinimumVisualStudioVersion = 10.0.40219.1
Project("{8BC9CEB8-8B4A-11D0-8D11-00A0C91BC942}") = "Ejercicio_Uno_A", "Haciendo_El_Parcial\Haciendo_El_Parcial.vcxproj", "{8F13613F-738F-4EA9-93B2-3DCA2E31482B}"
EndProject
Project("{8BC9CEB8-8B4A-11D0-8D11-00A0C91BC942}") = "Ejercicio_Uno_B", "Ejercicio_Uno_B\Ejercicio_Uno_B.vcxproj", "{E2BE829B-A0F3-4D55-A387-AD70F665A2E2}"
EndProject
Project("{8BC9CEB8-8B4A-11D0-8D11-00A0C91BC942}") = "Ejercicio_Uno_B_ReadBin", "Ejercicio_Uno_B_ReadBin\Ejercicio_Uno_B_ReadBin.vcxproj", "{16070511-B79F-468C-BC99-B5D5D36A9283}"
EndProject
Global
	GlobalSection(SolutionConfigurationPlatforms) = preSolution
		Debug|x64 = Debug|x64
		Debug|x86 = Debug|x86
		Release|x64 = Release|x64
		Release|x86 = Release|x86
	EndGlobalSection
	GlobalSection(ProjectConfigurationPlatforms) = postSolution
		{8F13613F-738F-4EA9-93B2-3DCA2E31482B}.Debug|x64.ActiveCfg = Debug|x64
		{8F13613F-738F-4EA9-93B2-3DCA2E31482B}.Debug|x64.Build.0 = Debug|x64
		{8F13613F-738F-4EA9-93B2-3DCA2E31482B}.Debug|x86.ActiveCfg = Debug|Win32
		{8F13613F-738F-4EA9-93B2-3DCA2E31482B}.Debug|x86.Build.0 = Debug|Win32
		{8F13613F-738F-4EA9-93B2-3DCA2E31482B}.Release|x64.ActiveCfg = Release|x64
		{8F13613F-738F-4EA9-93B2-3DCA2E31482B}.Release|x64.Build.0 = Release|x64
		{8F13613F-738F-4EA9-93B2-3DCA2E31482B}.Release|x86.ActiveCfg = Release|Win32
		{8F13613F-738F-4EA9-93B2-3DCA2E31482B}.Release|x86.Build.0 = Release|Win32
		{E2BE829B-A0F3-4D55-A387-AD70F665A2E2}.Debug|x64.ActiveCfg = Debug|x64
		{E2BE829B-A0F3-4D55-A387-AD70F665A2E2}.Debug|x64.Build.0 = Debug|x64
		{E2BE829B-A0F3-4D55-A387-AD70F665A2E2}.Debug|x86.ActiveCfg = Debug|Win32
		{E2BE829B-A0F3-4D55-A387-AD70F665A2E2}.Debug|x86.Build.0 = Debug|Win32
		{E2BE829B-A0F3-4D55-A387-AD70F665A2E2}.Release|x64.ActiveCfg = Release|x64
		{E2BE829B-A0F3-4D55-A387-AD70F665A2E2}.Release|x64.Build.0 = Release|x64
		{E2BE829B-A0F3-4D55-A387-AD70F665A2E2}.Release|x86.ActiveCfg = Release|Win32
		{E2BE829B-A0F3-4D55-A387-AD70F665A2E2}.Release|x86.Build.0 = Release|Win32
		{16070511-B79F-468C-BC99-B5D5D36A9283}.Debug|x64.ActiveCfg = Debug|x64
		{16070511-B79F-468C-BC99-B5D5D36A9283}.Debug|x64.Build.0 = Debug|x64
		{16070511-B79F-468C-BC99-B5D5D36A9283}.Debug|x86.ActiveCfg = Debug|Win32
		{16070511-B79F-468C-BC99-B5D5D36A9283}.Debug|x86.Build.0 = Debug|Win32
		{16070511-B79F-468C-BC99-B5D5D36A9283}.Release|x64.ActiveCfg = Release|x64
		{16070511-B79F-468C-BC99-B5D5D36A9283}.Release|x64.Build.0 = Release|x64
		{16070511-B79F-468C-BC99-B5D5D36A9283}.Release|x86.ActiveCfg = Release|Win32
		{16070511-B79F-468C-BC99-B5D5D36A9283}.Release|x86.Build.0 = Release|Win32
	EndGlobalSection
	GlobalSection(SolutionProperties) = preSolution
		HideSolutionNode = FALSE
	EndGlobalSection
	GlobalSection(ExtensibilityGlobals) = postSolution
		SolutionGuid = {8FD28F98-B00D-4605-A816-B3A34EBCF754}
	EndGlobalSection
EndGlobal
